
Microsoft Visual Studio Solution File, Format Version 12.00
# Visual Studio Version 17
VisualStudioVersion = 17.14.36429.23 d17.14
MinimumVisualStudioVersion = 10.0.40219.1
Project("{2150E333-8FDC-42A3-9474-1A3956D46DE8}") = "Task0", "Task0", "{02EA681E-C7D8-13C7-8484-4AC65E1B71E8}"
EndProject
Project("{FAE04EC0-301F-11D3-BF4B-00C04F79EFBC}") = "Tyuiu.UsoltsevGP.Sprint5.Task0.V5", "Tyuiu.UsoltsevGP.Sprint5.Task0.V5\Tyuiu.UsoltsevGP.Sprint5.Task0.V5.csproj", "{ADDA7C7C-A562-4400-8230-A19FB263A75B}"
EndProject
Project("{FAE04EC0-301F-11D3-BF4B-00C04F79EFBC}") = "Tyuiu.UsoltsevGP.Sprint5.Task0.V5.Lib", "Tyuiu.UsoltsevGP.Sprint5.Task0.V5.Lib\Tyuiu.UsoltsevGP.Sprint5.Task0.V5.Lib.csproj", "{8356609B-E1B1-4A69-ABB3-C984B2EC11E0}"
EndProject
Project("{FAE04EC0-301F-11D3-BF4B-00C04F79EFBC}") = "Tyuiu.UsoltsevGP.Sprint5.Task0.V5.Test", "Tyuiu.UsoltsevGP.Sprint5.Task0.V5.Test\Tyuiu.UsoltsevGP.Sprint5.Task0.V5.Test.csproj", "{3AC1B373-0052-44AF-A8BC-9E633DAFE244}"
EndProject
Global
	GlobalSection(SolutionConfigurationPlatforms) = preSolution
		Debug|Any CPU = Debug|Any CPU
		Release|Any CPU = Release|Any CPU
	EndGlobalSection
	GlobalSection(ProjectConfigurationPlatforms) = postSolution
		{ADDA7C7C-A562-4400-8230-A19FB263A75B}.Debug|Any CPU.ActiveCfg = Debug|Any CPU
		{ADDA7C7C-A562-4400-8230-A19FB263A75B}.Debug|Any CPU.Build.0 = Debug|Any CPU
		{ADDA7C7C-A562-4400-8230-A19FB263A75B}.Release|Any CPU.ActiveCfg = Release|Any CPU
		{ADDA7C7C-A562-4400-8230-A19FB263A75B}.Release|Any CPU.Build.0 = Release|Any CPU
		{8356609B-E1B1-4A69-ABB3-C984B2EC11E0}.Debug|Any CPU.ActiveCfg = Debug|Any CPU
		{8356609B-E1B1-4A69-ABB3-C984B2EC11E0}.Debug|Any CPU.Build.0 = Debug|Any CPU
		{8356609B-E1B1-4A69-ABB3-C984B2EC11E0}.Release|Any CPU.ActiveCfg = Release|Any CPU
		{8356609B-E1B1-4A69-ABB3-C984B2EC11E0}.Release|Any CPU.Build.0 = Release|Any CPU
		{3AC1B373-0052-44AF-A8BC-9E633DAFE244}.Debug|Any CPU.ActiveCfg = Debug|Any CPU
		{3AC1B373-0052-44AF-A8BC-9E633DAFE244}.Debug|Any CPU.Build.0 = Debug|Any CPU
		{3AC1B373-0052-44AF-A8BC-9E633DAFE244}.Release|Any CPU.ActiveCfg = Release|Any CPU
		{3AC1B373-0052-44AF-A8BC-9E633DAFE244}.Release|Any CPU.Build.0 = Release|Any CPU
	EndGlobalSection
	GlobalSection(SolutionProperties) = preSolution
		HideSolutionNode = FALSE
	EndGlobalSection
	GlobalSection(NestedProjects) = preSolution
		{ADDA7C7C-A562-4400-8230-A19FB263A75B} = {02EA681E-C7D8-13C7-8484-4AC65E1B71E8}
		{8356609B-E1B1-4A69-ABB3-C984B2EC11E0} = {02EA681E-C7D8-13C7-8484-4AC65E1B71E8}
		{3AC1B373-0052-44AF-A8BC-9E633DAFE244} = {02EA681E-C7D8-13C7-8484-4AC65E1B71E8}
	EndGlobalSection
	GlobalSection(ExtensibilityGlobals) = postSolution
		SolutionGuid = {26D2D70A-9861-475B-8A12-F2C972B34A96}
	EndGlobalSection
EndGlobal
