
Microsoft Visual Studio Solution File, Format Version 12.00
# Visual Studio Version 17
VisualStudioVersion = 17.14.36429.23
MinimumVisualStudioVersion = 10.0.40219.1
Project("{2150E333-8FDC-42A3-9474-1A3956D46DE8}") = "Task0", "Task0", "{02EA681E-C7D8-13C7-8484-4AC65E1B71E8}"
EndProject
Project("{FAE04EC0-301F-11D3-BF4B-00C04F79EFBC}") = "Tyuiu.UsoltsevGP.Sprint5.Task0.V5", "Tyuiu.UsoltsevGP.Sprint5.Task0.V5\Tyuiu.UsoltsevGP.Sprint5.Task0.V5.csproj", "{ADDA7C7C-A562-4400-8230-A19FB263A75B}"
EndProject
Project("{FAE04EC0-301F-11D3-BF4B-00C04F79EFBC}") = "Tyuiu.UsoltsevGP.Sprint5.Task0.V5.Lib", "Tyuiu.UsoltsevGP.Sprint5.Task0.V5.Lib\Tyuiu.UsoltsevGP.Sprint5.Task0.V5.Lib.csproj", "{8356609B-E1B1-4A69-ABB3-C984B2EC11E0}"
EndProject
Project("{FAE04EC0-301F-11D3-BF4B-00C04F79EFBC}") = "Tyuiu.UsoltsevGP.Sprint5.Task0.V5.Test", "Tyuiu.UsoltsevGP.Sprint5.Task0.V5.Test\Tyuiu.UsoltsevGP.Sprint5.Task0.V5.Test.csproj", "{3AC1B373-0052-44AF-A8BC-9E633DAFE244}"
EndProject
Project("{2150E333-8FDC-42A3-9474-1A3956D46DE8}") = "Task1", "Task1", "{370D3144-D1B7-4245-B9B1-4CBEB8FFD694}"
EndProject
Project("{FAE04EC0-301F-11D3-BF4B-00C04F79EFBC}") = "Tyuiu.UsoltsevGP.Sprint5.Task1.V9", "Tyuiu.UsoltsevGP.Sprint5.Task1.V9\Tyuiu.UsoltsevGP.Sprint5.Task1.V9.csproj", "{85D6E040-A3E6-4751-B002-A56B9D925B3B}"
EndProject
Project("{FAE04EC0-301F-11D3-BF4B-00C04F79EFBC}") = "Tyuiu.UsoltsevGP.Sprint5.Task1.V9.Lib", "Tyuiu.UsoltsevGP.Sprint5.Task1.V9.Lib\Tyuiu.UsoltsevGP.Sprint5.Task1.V9.Lib.csproj", "{E47803C5-FC6B-4589-80B3-C26B01308D18}"
EndProject
Project("{FAE04EC0-301F-11D3-BF4B-00C04F79EFBC}") = "Tyuiu.UsoltsevGP.Sprint5.Task1.V9.Test", "Tyuiu.UsoltsevGP.Sprint5.Task1.V9.Test\Tyuiu.UsoltsevGP.Sprint5.Task1.V9.Test.csproj", "{C9AA3DB2-4BF8-4A99-A083-78216D25A0C0}"
EndProject
Project("{2150E333-8FDC-42A3-9474-1A3956D46DE8}") = "Task2", "Task2", "{D35C895F-D384-42B6-A62C-4AEED0FA8785}"
EndProject
Project("{FAE04EC0-301F-11D3-BF4B-00C04F79EFBC}") = "Tyuiu.UsoltsevGP.Sprint5.Task2.V13", "Tyuiu.UsoltsevGP.Sprint5.Task2.V13\Tyuiu.UsoltsevGP.Sprint5.Task2.V13.csproj", "{82C20CAB-31FD-44AD-BD7D-A6730BD43764}"
EndProject
Project("{FAE04EC0-301F-11D3-BF4B-00C04F79EFBC}") = "Tyuiu.UsoltsevGP.Sprint5.Task2.V13.Test", "Tyuiu.UsoltsevGP.Sprint5.Task2.V13.Test\Tyuiu.UsoltsevGP.Sprint5.Task2.V13.Test.csproj", "{563E6C26-1141-4866-90A7-18533F0C4534}"
EndProject
Project("{FAE04EC0-301F-11D3-BF4B-00C04F79EFBC}") = "Tyuiu.UsoltsevGP.Sprint5.Task2.V13.Lib", "Tyuiu.UsoltsevGP.Sprint5.Task2.V13.Lib\Tyuiu.UsoltsevGP.Sprint5.Task2.V13.Lib.csproj", "{395D5AE2-5101-428B-9E91-61B6A93F915C}"
EndProject
Project("{2150E333-8FDC-42A3-9474-1A3956D46DE8}") = "Task3", "Task3", "{D9757275-F74F-46B2-B1EA-F1D285D3212F}"
EndProject
Project("{FAE04EC0-301F-11D3-BF4B-00C04F79EFBC}") = "Tyuiu.UsoltsevGP.Sprint5.Task3.V2", "Tyuiu.UsoltsevGP.Sprint5.Task3.V2\Tyuiu.UsoltsevGP.Sprint5.Task3.V2.csproj", "{5E89AEA5-0AFA-4B04-85A3-3C3B6904266F}"
EndProject
Project("{FAE04EC0-301F-11D3-BF4B-00C04F79EFBC}") = "Tyuiu.UsoltsevGP.Sprint5.Task3.V2.Lib", "Tyuiu.UsoltsevGP.Sprint5.Task3.V2.Lib\Tyuiu.UsoltsevGP.Sprint5.Task3.V2.Lib.csproj", "{D9713787-09F1-4244-8027-A1B1C495F811}"
EndProject
Project("{FAE04EC0-301F-11D3-BF4B-00C04F79EFBC}") = "Tyuiu.UsoltsevGP.Sprint5.Task3.V2.Test", "Tyuiu.UsoltsevGP.Sprint5.Task3.V2.Test\Tyuiu.UsoltsevGP.Sprint5.Task3.V2.Test.csproj", "{AEB994F1-6406-4A2E-8CD5-22A4DB7D83C3}"
EndProject
Project("{2150E333-8FDC-42A3-9474-1A3956D46DE8}") = "Task4", "Task4", "{4E4D3C97-0B0D-4A86-977B-55E4B10C8BAF}"
EndProject
Project("{FAE04EC0-301F-11D3-BF4B-00C04F79EFBC}") = "Tyuiu.UsoltsevGP.Sprint5.Task4.V6", "Tyuiu.UsoltsevGP.Sprint5.Task4.V6\Tyuiu.UsoltsevGP.Sprint5.Task4.V6.csproj", "{231CC16E-A0A6-4114-8DD8-CE9249530611}"
EndProject
Project("{FAE04EC0-301F-11D3-BF4B-00C04F79EFBC}") = "Tyuiu.UsoltsevGP.Sprint5.Task4.V6.Lib", "Tyuiu.UsoltsevGP.Sprint5.Task4.V6.Lib\Tyuiu.UsoltsevGP.Sprint5.Task4.V6.Lib.csproj", "{E40660A9-D527-4DAF-947E-E5B4AA2B97D3}"
EndProject
Project("{FAE04EC0-301F-11D3-BF4B-00C04F79EFBC}") = "Tyuiu.UsoltsevGP.Sprint5.Task4.V6.Test", "Tyuiu.UsoltsevGP.Sprint5.Task4.V6.Test\Tyuiu.UsoltsevGP.Sprint5.Task4.V6.Test.csproj", "{FE9B5F28-98A4-412D-940E-93A65FB7CE9B}"
EndProject
Project("{2150E333-8FDC-42A3-9474-1A3956D46DE8}") = "Task5", "Task5", "{53FABEB2-50F2-4FE4-871E-1A7B41CBE57F}"
EndProject
Project("{2150E333-8FDC-42A3-9474-1A3956D46DE8}") = "Task6", "Task6", "{5554BCD1-2DE8-4461-B28C-51A8F2903FBB}"
EndProject
Project("{FAE04EC0-301F-11D3-BF4B-00C04F79EFBC}") = "Tyuiu.UsoltsevGP.Sprint5.Task5.V24", "Tyuiu.UsoltsevGP.Sprint5.Task5.V24\Tyuiu.UsoltsevGP.Sprint5.Task5.V24.csproj", "{DB8F0DFB-2B69-4167-809C-327C2EC34C96}"
EndProject
Project("{FAE04EC0-301F-11D3-BF4B-00C04F79EFBC}") = "Tyuiu.UsoltsevGP.Sprint5.Task5.V24.Lib", "Tyuiu.UsoltsevGP.Sprint5.Task5.V24.Lib\Tyuiu.UsoltsevGP.Sprint5.Task5.V24.Lib.csproj", "{82854F62-205F-4051-B2D7-70A8AF14D231}"
EndProject
Project("{FAE04EC0-301F-11D3-BF4B-00C04F79EFBC}") = "Tyuiu.UsoltsevGP.Sprint5.Task5.V24.Test", "Tyuiu.UsoltsevGP.Sprint5.Task5.V24.Test\Tyuiu.UsoltsevGP.Sprint5.Task5.V24.Test.csproj", "{AD7B1B9F-9ED5-4036-B0A7-5F10D28EFE2F}"
EndProject
Project("{FAE04EC0-301F-11D3-BF4B-00C04F79EFBC}") = "Tyuiu.UsoltsevGP.Sprint5.Task6.V29", "Tyuiu.UsoltsevGP.Sprint5.Task6.V29\Tyuiu.UsoltsevGP.Sprint5.Task6.V29.csproj", "{C9745F9C-4496-444B-9284-9F7771B55E54}"
EndProject
Project("{FAE04EC0-301F-11D3-BF4B-00C04F79EFBC}") = "Tyuiu.UsoltsevGP.Sprint5.Task6.V29.Lib", "Tyuiu.UsoltsevGP.Sprint5.Task6.V29.Lib\Tyuiu.UsoltsevGP.Sprint5.Task6.V29.Lib.csproj", "{5989316A-B932-4C9C-BCA1-6E25052B2B6F}"
EndProject
Project("{FAE04EC0-301F-11D3-BF4B-00C04F79EFBC}") = "Tyuiu.UsoltsevGP.Sprint5.Task6.V29.Test", "Tyuiu.UsoltsevGP.Sprint5.Task6.V29.Test\Tyuiu.UsoltsevGP.Sprint5.Task6.V29.Test.csproj", "{D188695B-DAFA-4B4C-B876-A41A79AAA855}"
EndProject
Project("{2150E333-8FDC-42A3-9474-1A3956D46DE8}") = "Task7", "Task7", "{6645451D-90AB-4FE7-B808-75F48BF50700}"
EndProject
Project("{FAE04EC0-301F-11D3-BF4B-00C04F79EFBC}") = "Tyuiu.UsoltsevGP.Sprint5.Task7.V16", "Tyuiu.UsoltsevGP.Sprint5.Task7.V16\Tyuiu.UsoltsevGP.Sprint5.Task7.V16.csproj", "{C7867BEC-7D93-4675-8109-7B0EA630FDF1}"
EndProject
Project("{FAE04EC0-301F-11D3-BF4B-00C04F79EFBC}") = "Tyuiu.UsoltsevGP.Sprint5.Task7.V16.Lib", "Tyuiu.UsoltsevGP.Sprint5.Task7.V16.Lib\Tyuiu.UsoltsevGP.Sprint5.Task7.V16.Lib.csproj", "{58913E23-C935-4B57-B2C3-1461BC0B2692}"
EndProject
Project("{FAE04EC0-301F-11D3-BF4B-00C04F79EFBC}") = "Tyuiu.UsoltsevGP.Sprint5.Task7.V16.Test", "Tyuiu.UsoltsevGP.Sprint5.Task7.V16.Test\Tyuiu.UsoltsevGP.Sprint5.Task7.V16.Test.csproj", "{A2B726F3-A2AD-47C9-86F1-E37EE6F6DD19}"
EndProject
Global
	GlobalSection(SolutionConfigurationPlatforms) = preSolution
		Debug|Any CPU = Debug|Any CPU
		Release|Any CPU = Release|Any CPU
	EndGlobalSection
	GlobalSection(ProjectConfigurationPlatforms) = postSolution
		{ADDA7C7C-A562-4400-8230-A19FB263A75B}.Debug|Any CPU.ActiveCfg = Debug|Any CPU
		{ADDA7C7C-A562-4400-8230-A19FB263A75B}.Debug|Any CPU.Build.0 = Debug|Any CPU
		{ADDA7C7C-A562-4400-8230-A19FB263A75B}.Release|Any CPU.ActiveCfg = Release|Any CPU
		{ADDA7C7C-A562-4400-8230-A19FB263A75B}.Release|Any CPU.Build.0 = Release|Any CPU
		{8356609B-E1B1-4A69-ABB3-C984B2EC11E0}.Debug|Any CPU.ActiveCfg = Debug|Any CPU
		{8356609B-E1B1-4A69-ABB3-C984B2EC11E0}.Debug|Any CPU.Build.0 = Debug|Any CPU
		{8356609B-E1B1-4A69-ABB3-C984B2EC11E0}.Release|Any CPU.ActiveCfg = Release|Any CPU
		{8356609B-E1B1-4A69-ABB3-C984B2EC11E0}.Release|Any CPU.Build.0 = Release|Any CPU
		{3AC1B373-0052-44AF-A8BC-9E633DAFE244}.Debug|Any CPU.ActiveCfg = Debug|Any CPU
		{3AC1B373-0052-44AF-A8BC-9E633DAFE244}.Debug|Any CPU.Build.0 = Debug|Any CPU
		{3AC1B373-0052-44AF-A8BC-9E633DAFE244}.Release|Any CPU.ActiveCfg = Release|Any CPU
		{3AC1B373-0052-44AF-A8BC-9E633DAFE244}.Release|Any CPU.Build.0 = Release|Any CPU
		{85D6E040-A3E6-4751-B002-A56B9D925B3B}.Debug|Any CPU.ActiveCfg = Debug|Any CPU
		{85D6E040-A3E6-4751-B002-A56B9D925B3B}.Debug|Any CPU.Build.0 = Debug|Any CPU
		{85D6E040-A3E6-4751-B002-A56B9D925B3B}.Release|Any CPU.ActiveCfg = Release|Any CPU
		{85D6E040-A3E6-4751-B002-A56B9D925B3B}.Release|Any CPU.Build.0 = Release|Any CPU
		{E47803C5-FC6B-4589-80B3-C26B01308D18}.Debug|Any CPU.ActiveCfg = Debug|Any CPU
		{E47803C5-FC6B-4589-80B3-C26B01308D18}.Debug|Any CPU.Build.0 = Debug|Any CPU
		{E47803C5-FC6B-4589-80B3-C26B01308D18}.Release|Any CPU.ActiveCfg = Release|Any CPU
		{E47803C5-FC6B-4589-80B3-C26B01308D18}.Release|Any CPU.Build.0 = Release|Any CPU
		{C9AA3DB2-4BF8-4A99-A083-78216D25A0C0}.Debug|Any CPU.ActiveCfg = Debug|Any CPU
		{C9AA3DB2-4BF8-4A99-A083-78216D25A0C0}.Debug|Any CPU.Build.0 = Debug|Any CPU
		{C9AA3DB2-4BF8-4A99-A083-78216D25A0C0}.Release|Any CPU.ActiveCfg = Release|Any CPU
		{C9AA3DB2-4BF8-4A99-A083-78216D25A0C0}.Release|Any CPU.Build.0 = Release|Any CPU
		{82C20CAB-31FD-44AD-BD7D-A6730BD43764}.Debug|Any CPU.ActiveCfg = Debug|Any CPU
		{82C20CAB-31FD-44AD-BD7D-A6730BD43764}.Debug|Any CPU.Build.0 = Debug|Any CPU
		{82C20CAB-31FD-44AD-BD7D-A6730BD43764}.Release|Any CPU.ActiveCfg = Release|Any CPU
		{82C20CAB-31FD-44AD-BD7D-A6730BD43764}.Release|Any CPU.Build.0 = Release|Any CPU
		{563E6C26-1141-4866-90A7-18533F0C4534}.Debug|Any CPU.ActiveCfg = Debug|Any CPU
		{563E6C26-1141-4866-90A7-18533F0C4534}.Debug|Any CPU.Build.0 = Debug|Any CPU
		{563E6C26-1141-4866-90A7-18533F0C4534}.Release|Any CPU.ActiveCfg = Release|Any CPU
		{563E6C26-1141-4866-90A7-18533F0C4534}.Release|Any CPU.Build.0 = Release|Any CPU
		{395D5AE2-5101-428B-9E91-61B6A93F915C}.Debug|Any CPU.ActiveCfg = Debug|Any CPU
		{395D5AE2-5101-428B-9E91-61B6A93F915C}.Debug|Any CPU.Build.0 = Debug|Any CPU
		{395D5AE2-5101-428B-9E91-61B6A93F915C}.Release|Any CPU.ActiveCfg = Release|Any CPU
		{395D5AE2-5101-428B-9E91-61B6A93F915C}.Release|Any CPU.Build.0 = Release|Any CPU
		{5E89AEA5-0AFA-4B04-85A3-3C3B6904266F}.Debug|Any CPU.ActiveCfg = Debug|Any CPU
		{5E89AEA5-0AFA-4B04-85A3-3C3B6904266F}.Debug|Any CPU.Build.0 = Debug|Any CPU
		{5E89AEA5-0AFA-4B04-85A3-3C3B6904266F}.Release|Any CPU.ActiveCfg = Release|Any CPU
		{5E89AEA5-0AFA-4B04-85A3-3C3B6904266F}.Release|Any CPU.Build.0 = Release|Any CPU
		{D9713787-09F1-4244-8027-A1B1C495F811}.Debug|Any CPU.ActiveCfg = Debug|Any CPU
		{D9713787-09F1-4244-8027-A1B1C495F811}.Debug|Any CPU.Build.0 = Debug|Any CPU
		{D9713787-09F1-4244-8027-A1B1C495F811}.Release|Any CPU.ActiveCfg = Release|Any CPU
		{D9713787-09F1-4244-8027-A1B1C495F811}.Release|Any CPU.Build.0 = Release|Any CPU
		{AEB994F1-6406-4A2E-8CD5-22A4DB7D83C3}.Debug|Any CPU.ActiveCfg = Debug|Any CPU
		{AEB994F1-6406-4A2E-8CD5-22A4DB7D83C3}.Debug|Any CPU.Build.0 = Debug|Any CPU
		{AEB994F1-6406-4A2E-8CD5-22A4DB7D83C3}.Release|Any CPU.ActiveCfg = Release|Any CPU
		{AEB994F1-6406-4A2E-8CD5-22A4DB7D83C3}.Release|Any CPU.Build.0 = Release|Any CPU
		{231CC16E-A0A6-4114-8DD8-CE9249530611}.Debug|Any CPU.ActiveCfg = Debug|Any CPU
		{231CC16E-A0A6-4114-8DD8-CE9249530611}.Debug|Any CPU.Build.0 = Debug|Any CPU
		{231CC16E-A0A6-4114-8DD8-CE9249530611}.Release|Any CPU.ActiveCfg = Release|Any CPU
		{231CC16E-A0A6-4114-8DD8-CE9249530611}.Release|Any CPU.Build.0 = Release|Any CPU
		{E40660A9-D527-4DAF-947E-E5B4AA2B97D3}.Debug|Any CPU.ActiveCfg = Debug|Any CPU
		{E40660A9-D527-4DAF-947E-E5B4AA2B97D3}.Debug|Any CPU.Build.0 = Debug|Any CPU
		{E40660A9-D527-4DAF-947E-E5B4AA2B97D3}.Release|Any CPU.ActiveCfg = Release|Any CPU
		{E40660A9-D527-4DAF-947E-E5B4AA2B97D3}.Release|Any CPU.Build.0 = Release|Any CPU
		{FE9B5F28-98A4-412D-940E-93A65FB7CE9B}.Debug|Any CPU.ActiveCfg = Debug|Any CPU
		{FE9B5F28-98A4-412D-940E-93A65FB7CE9B}.Debug|Any CPU.Build.0 = Debug|Any CPU
		{FE9B5F28-98A4-412D-940E-93A65FB7CE9B}.Release|Any CPU.ActiveCfg = Release|Any CPU
		{FE9B5F28-98A4-412D-940E-93A65FB7CE9B}.Release|Any CPU.Build.0 = Release|Any CPU
		{DB8F0DFB-2B69-4167-809C-327C2EC34C96}.Debug|Any CPU.ActiveCfg = Debug|Any CPU
		{DB8F0DFB-2B69-4167-809C-327C2EC34C96}.Debug|Any CPU.Build.0 = Debug|Any CPU
		{DB8F0DFB-2B69-4167-809C-327C2EC34C96}.Release|Any CPU.ActiveCfg = Release|Any CPU
		{DB8F0DFB-2B69-4167-809C-327C2EC34C96}.Release|Any CPU.Build.0 = Release|Any CPU
		{82854F62-205F-4051-B2D7-70A8AF14D231}.Debug|Any CPU.ActiveCfg = Debug|Any CPU
		{82854F62-205F-4051-B2D7-70A8AF14D231}.Debug|Any CPU.Build.0 = Debug|Any CPU
		{82854F62-205F-4051-B2D7-70A8AF14D231}.Release|Any CPU.ActiveCfg = Release|Any CPU
		{82854F62-205F-4051-B2D7-70A8AF14D231}.Release|Any CPU.Build.0 = Release|Any CPU
		{AD7B1B9F-9ED5-4036-B0A7-5F10D28EFE2F}.Debug|Any CPU.ActiveCfg = Debug|Any CPU
		{AD7B1B9F-9ED5-4036-B0A7-5F10D28EFE2F}.Debug|Any CPU.Build.0 = Debug|Any CPU
		{AD7B1B9F-9ED5-4036-B0A7-5F10D28EFE2F}.Release|Any CPU.ActiveCfg = Release|Any CPU
		{AD7B1B9F-9ED5-4036-B0A7-5F10D28EFE2F}.Release|Any CPU.Build.0 = Release|Any CPU
		{C9745F9C-4496-444B-9284-9F7771B55E54}.Debug|Any CPU.ActiveCfg = Debug|Any CPU
		{C9745F9C-4496-444B-9284-9F7771B55E54}.Debug|Any CPU.Build.0 = Debug|Any CPU
		{C9745F9C-4496-444B-9284-9F7771B55E54}.Release|Any CPU.ActiveCfg = Release|Any CPU
		{C9745F9C-4496-444B-9284-9F7771B55E54}.Release|Any CPU.Build.0 = Release|Any CPU
		{5989316A-B932-4C9C-BCA1-6E25052B2B6F}.Debug|Any CPU.ActiveCfg = Debug|Any CPU
		{5989316A-B932-4C9C-BCA1-6E25052B2B6F}.Debug|Any CPU.Build.0 = Debug|Any CPU
		{5989316A-B932-4C9C-BCA1-6E25052B2B6F}.Release|Any CPU.ActiveCfg = Release|Any CPU
		{5989316A-B932-4C9C-BCA1-6E25052B2B6F}.Release|Any CPU.Build.0 = Release|Any CPU
		{D188695B-DAFA-4B4C-B876-A41A79AAA855}.Debug|Any CPU.ActiveCfg = Debug|Any CPU
		{D188695B-DAFA-4B4C-B876-A41A79AAA855}.Debug|Any CPU.Build.0 = Debug|Any CPU
		{D188695B-DAFA-4B4C-B876-A41A79AAA855}.Release|Any CPU.ActiveCfg = Release|Any CPU
		{D188695B-DAFA-4B4C-B876-A41A79AAA855}.Release|Any CPU.Build.0 = Release|Any CPU
		{C7867BEC-7D93-4675-8109-7B0EA630FDF1}.Debug|Any CPU.ActiveCfg = Debug|Any CPU
		{C7867BEC-7D93-4675-8109-7B0EA630FDF1}.Debug|Any CPU.Build.0 = Debug|Any CPU
		{C7867BEC-7D93-4675-8109-7B0EA630FDF1}.Release|Any CPU.ActiveCfg = Release|Any CPU
		{C7867BEC-7D93-4675-8109-7B0EA630FDF1}.Release|Any CPU.Build.0 = Release|Any CPU
		{58913E23-C935-4B57-B2C3-1461BC0B2692}.Debug|Any CPU.ActiveCfg = Debug|Any CPU
		{58913E23-C935-4B57-B2C3-1461BC0B2692}.Debug|Any CPU.Build.0 = Debug|Any CPU
		{58913E23-C935-4B57-B2C3-1461BC0B2692}.Release|Any CPU.ActiveCfg = Release|Any CPU
		{58913E23-C935-4B57-B2C3-1461BC0B2692}.Release|Any CPU.Build.0 = Release|Any CPU
		{A2B726F3-A2AD-47C9-86F1-E37EE6F6DD19}.Debug|Any CPU.ActiveCfg = Debug|Any CPU
		{A2B726F3-A2AD-47C9-86F1-E37EE6F6DD19}.Debug|Any CPU.Build.0 = Debug|Any CPU
		{A2B726F3-A2AD-47C9-86F1-E37EE6F6DD19}.Release|Any CPU.ActiveCfg = Release|Any CPU
		{A2B726F3-A2AD-47C9-86F1-E37EE6F6DD19}.Release|Any CPU.Build.0 = Release|Any CPU
	EndGlobalSection
	GlobalSection(SolutionProperties) = preSolution
		HideSolutionNode = FALSE
	EndGlobalSection
	GlobalSection(NestedProjects) = preSolution
		{ADDA7C7C-A562-4400-8230-A19FB263A75B} = {02EA681E-C7D8-13C7-8484-4AC65E1B71E8}
		{8356609B-E1B1-4A69-ABB3-C984B2EC11E0} = {02EA681E-C7D8-13C7-8484-4AC65E1B71E8}
		{3AC1B373-0052-44AF-A8BC-9E633DAFE244} = {02EA681E-C7D8-13C7-8484-4AC65E1B71E8}
		{85D6E040-A3E6-4751-B002-A56B9D925B3B} = {370D3144-D1B7-4245-B9B1-4CBEB8FFD694}
		{E47803C5-FC6B-4589-80B3-C26B01308D18} = {370D3144-D1B7-4245-B9B1-4CBEB8FFD694}
		{C9AA3DB2-4BF8-4A99-A083-78216D25A0C0} = {370D3144-D1B7-4245-B9B1-4CBEB8FFD694}
		{82C20CAB-31FD-44AD-BD7D-A6730BD43764} = {D35C895F-D384-42B6-A62C-4AEED0FA8785}
		{563E6C26-1141-4866-90A7-18533F0C4534} = {D35C895F-D384-42B6-A62C-4AEED0FA8785}
		{395D5AE2-5101-428B-9E91-61B6A93F915C} = {D35C895F-D384-42B6-A62C-4AEED0FA8785}
		{5E89AEA5-0AFA-4B04-85A3-3C3B6904266F} = {D9757275-F74F-46B2-B1EA-F1D285D3212F}
		{D9713787-09F1-4244-8027-A1B1C495F811} = {D9757275-F74F-46B2-B1EA-F1D285D3212F}
		{AEB994F1-6406-4A2E-8CD5-22A4DB7D83C3} = {D9757275-F74F-46B2-B1EA-F1D285D3212F}
		{231CC16E-A0A6-4114-8DD8-CE9249530611} = {4E4D3C97-0B0D-4A86-977B-55E4B10C8BAF}
		{E40660A9-D527-4DAF-947E-E5B4AA2B97D3} = {4E4D3C97-0B0D-4A86-977B-55E4B10C8BAF}
		{FE9B5F28-98A4-412D-940E-93A65FB7CE9B} = {4E4D3C97-0B0D-4A86-977B-55E4B10C8BAF}
		{DB8F0DFB-2B69-4167-809C-327C2EC34C96} = {53FABEB2-50F2-4FE4-871E-1A7B41CBE57F}
		{82854F62-205F-4051-B2D7-70A8AF14D231} = {53FABEB2-50F2-4FE4-871E-1A7B41CBE57F}
		{AD7B1B9F-9ED5-4036-B0A7-5F10D28EFE2F} = {53FABEB2-50F2-4FE4-871E-1A7B41CBE57F}
		{C9745F9C-4496-444B-9284-9F7771B55E54} = {5554BCD1-2DE8-4461-B28C-51A8F2903FBB}
		{5989316A-B932-4C9C-BCA1-6E25052B2B6F} = {5554BCD1-2DE8-4461-B28C-51A8F2903FBB}
		{D188695B-DAFA-4B4C-B876-A41A79AAA855} = {5554BCD1-2DE8-4461-B28C-51A8F2903FBB}
		{C7867BEC-7D93-4675-8109-7B0EA630FDF1} = {6645451D-90AB-4FE7-B808-75F48BF50700}
		{58913E23-C935-4B57-B2C3-1461BC0B2692} = {6645451D-90AB-4FE7-B808-75F48BF50700}
		{A2B726F3-A2AD-47C9-86F1-E37EE6F6DD19} = {6645451D-90AB-4FE7-B808-75F48BF50700}
	EndGlobalSection
	GlobalSection(ExtensibilityGlobals) = postSolution
		SolutionGuid = {26D2D70A-9861-475B-8A12-F2C972B34A96}
	EndGlobalSection
EndGlobal
