
Microsoft Visual Studio Solution File, Format Version 12.00
# Visual Studio Version 17
VisualStudioVersion = 17.14.36429.23
MinimumVisualStudioVersion = 10.0.40219.1
Project("{2150E333-8FDC-42A3-9474-1A3956D46DE8}") = "Task0", "Task0", "{02EA681E-C7D8-13C7-8484-4AC65E1B71E8}"
EndProject
Project("{FAE04EC0-301F-11D3-BF4B-00C04F79EFBC}") = "Tyuiu.UsoltsevGP.Sprint5.Task0.V5", "Tyuiu.UsoltsevGP.Sprint5.Task0.V5\Tyuiu.UsoltsevGP.Sprint5.Task0.V5.csproj", "{ADDA7C7C-A562-4400-8230-A19FB263A75B}"
EndProject
Project("{FAE04EC0-301F-11D3-BF4B-00C04F79EFBC}") = "Tyuiu.UsoltsevGP.Sprint5.Task0.V5.Lib", "Tyuiu.UsoltsevGP.Sprint5.Task0.V5.Lib\Tyuiu.UsoltsevGP.Sprint5.Task0.V5.Lib.csproj", "{8356609B-E1B1-4A69-ABB3-C984B2EC11E0}"
EndProject
Project("{FAE04EC0-301F-11D3-BF4B-00C04F79EFBC}") = "Tyuiu.UsoltsevGP.Sprint5.Task0.V5.Test", "Tyuiu.UsoltsevGP.Sprint5.Task0.V5.Test\Tyuiu.UsoltsevGP.Sprint5.Task0.V5.Test.csproj", "{3AC1B373-0052-44AF-A8BC-9E633DAFE244}"
EndProject
Project("{2150E333-8FDC-42A3-9474-1A3956D46DE8}") = "Task1", "Task1", "{370D3144-D1B7-4245-B9B1-4CBEB8FFD694}"
EndProject
Project("{FAE04EC0-301F-11D3-BF4B-00C04F79EFBC}") = "Tyuiu.UsoltsevGP.Sprint5.Task1.V9", "Tyuiu.UsoltsevGP.Sprint5.Task1.V9\Tyuiu.UsoltsevGP.Sprint5.Task1.V9.csproj", "{85D6E040-A3E6-4751-B002-A56B9D925B3B}"
EndProject
Project("{FAE04EC0-301F-11D3-BF4B-00C04F79EFBC}") = "Tyuiu.UsoltsevGP.Sprint5.Task1.V9.Lib", "Tyuiu.UsoltsevGP.Sprint5.Task1.V9.Lib\Tyuiu.UsoltsevGP.Sprint5.Task1.V9.Lib.csproj", "{E47803C5-FC6B-4589-80B3-C26B01308D18}"
EndProject
Project("{FAE04EC0-301F-11D3-BF4B-00C04F79EFBC}") = "Tyuiu.UsoltsevGP.Sprint5.Task1.V9.Test", "Tyuiu.UsoltsevGP.Sprint5.Task1.V9.Test\Tyuiu.UsoltsevGP.Sprint5.Task1.V9.Test.csproj", "{C9AA3DB2-4BF8-4A99-A083-78216D25A0C0}"
EndProject
Project("{2150E333-8FDC-42A3-9474-1A3956D46DE8}") = "Task2", "Task2", "{D35C895F-D384-42B6-A62C-4AEED0FA8785}"
EndProject
Project("{FAE04EC0-301F-11D3-BF4B-00C04F79EFBC}") = "Tyuiu.UsoltsevGP.Sprint5.Task2.V13", "Tyuiu.UsoltsevGP.Sprint5.Task2.V13\Tyuiu.UsoltsevGP.Sprint5.Task2.V13.csproj", "{82C20CAB-31FD-44AD-BD7D-A6730BD43764}"
EndProject
Project("{FAE04EC0-301F-11D3-BF4B-00C04F79EFBC}") = "Tyuiu.UsoltsevGP.Sprint5.Task2.V13.Test", "Tyuiu.UsoltsevGP.Sprint5.Task2.V13.Test\Tyuiu.UsoltsevGP.Sprint5.Task2.V13.Test.csproj", "{563E6C26-1141-4866-90A7-18533F0C4534}"
EndProject
Project("{FAE04EC0-301F-11D3-BF4B-00C04F79EFBC}") = "Tyuiu.UsoltsevGP.Sprint5.Task2.V13.Lib", "Tyuiu.UsoltsevGP.Sprint5.Task2.V13.Lib\Tyuiu.UsoltsevGP.Sprint5.Task2.V13.Lib.csproj", "{395D5AE2-5101-428B-9E91-61B6A93F915C}"
EndProject
Global
	GlobalSection(SolutionConfigurationPlatforms) = preSolution
		Debug|Any CPU = Debug|Any CPU
		Release|Any CPU = Release|Any CPU
	EndGlobalSection
	GlobalSection(ProjectConfigurationPlatforms) = postSolution
		{ADDA7C7C-A562-4400-8230-A19FB263A75B}.Debug|Any CPU.ActiveCfg = Debug|Any CPU
		{ADDA7C7C-A562-4400-8230-A19FB263A75B}.Debug|Any CPU.Build.0 = Debug|Any CPU
		{ADDA7C7C-A562-4400-8230-A19FB263A75B}.Release|Any CPU.ActiveCfg = Release|Any CPU
		{ADDA7C7C-A562-4400-8230-A19FB263A75B}.Release|Any CPU.Build.0 = Release|Any CPU
		{8356609B-E1B1-4A69-ABB3-C984B2EC11E0}.Debug|Any CPU.ActiveCfg = Debug|Any CPU
		{8356609B-E1B1-4A69-ABB3-C984B2EC11E0}.Debug|Any CPU.Build.0 = Debug|Any CPU
		{8356609B-E1B1-4A69-ABB3-C984B2EC11E0}.Release|Any CPU.ActiveCfg = Release|Any CPU
		{8356609B-E1B1-4A69-ABB3-C984B2EC11E0}.Release|Any CPU.Build.0 = Release|Any CPU
		{3AC1B373-0052-44AF-A8BC-9E633DAFE244}.Debug|Any CPU.ActiveCfg = Debug|Any CPU
		{3AC1B373-0052-44AF-A8BC-9E633DAFE244}.Debug|Any CPU.Build.0 = Debug|Any CPU
		{3AC1B373-0052-44AF-A8BC-9E633DAFE244}.Release|Any CPU.ActiveCfg = Release|Any CPU
		{3AC1B373-0052-44AF-A8BC-9E633DAFE244}.Release|Any CPU.Build.0 = Release|Any CPU
		{85D6E040-A3E6-4751-B002-A56B9D925B3B}.Debug|Any CPU.ActiveCfg = Debug|Any CPU
		{85D6E040-A3E6-4751-B002-A56B9D925B3B}.Debug|Any CPU.Build.0 = Debug|Any CPU
		{85D6E040-A3E6-4751-B002-A56B9D925B3B}.Release|Any CPU.ActiveCfg = Release|Any CPU
		{85D6E040-A3E6-4751-B002-A56B9D925B3B}.Release|Any CPU.Build.0 = Release|Any CPU
		{E47803C5-FC6B-4589-80B3-C26B01308D18}.Debug|Any CPU.ActiveCfg = Debug|Any CPU
		{E47803C5-FC6B-4589-80B3-C26B01308D18}.Debug|Any CPU.Build.0 = Debug|Any CPU
		{E47803C5-FC6B-4589-80B3-C26B01308D18}.Release|Any CPU.ActiveCfg = Release|Any CPU
		{E47803C5-FC6B-4589-80B3-C26B01308D18}.Release|Any CPU.Build.0 = Release|Any CPU
		{C9AA3DB2-4BF8-4A99-A083-78216D25A0C0}.Debug|Any CPU.ActiveCfg = Debug|Any CPU
		{C9AA3DB2-4BF8-4A99-A083-78216D25A0C0}.Debug|Any CPU.Build.0 = Debug|Any CPU
		{C9AA3DB2-4BF8-4A99-A083-78216D25A0C0}.Release|Any CPU.ActiveCfg = Release|Any CPU
		{C9AA3DB2-4BF8-4A99-A083-78216D25A0C0}.Release|Any CPU.Build.0 = Release|Any CPU
		{82C20CAB-31FD-44AD-BD7D-A6730BD43764}.Debug|Any CPU.ActiveCfg = Debug|Any CPU
		{82C20CAB-31FD-44AD-BD7D-A6730BD43764}.Debug|Any CPU.Build.0 = Debug|Any CPU
		{82C20CAB-31FD-44AD-BD7D-A6730BD43764}.Release|Any CPU.ActiveCfg = Release|Any CPU
		{82C20CAB-31FD-44AD-BD7D-A6730BD43764}.Release|Any CPU.Build.0 = Release|Any CPU
		{563E6C26-1141-4866-90A7-18533F0C4534}.Debug|Any CPU.ActiveCfg = Debug|Any CPU
		{563E6C26-1141-4866-90A7-18533F0C4534}.Debug|Any CPU.Build.0 = Debug|Any CPU
		{563E6C26-1141-4866-90A7-18533F0C4534}.Release|Any CPU.ActiveCfg = Release|Any CPU
		{563E6C26-1141-4866-90A7-18533F0C4534}.Release|Any CPU.Build.0 = Release|Any CPU
		{395D5AE2-5101-428B-9E91-61B6A93F915C}.Debug|Any CPU.ActiveCfg = Debug|Any CPU
		{395D5AE2-5101-428B-9E91-61B6A93F915C}.Debug|Any CPU.Build.0 = Debug|Any CPU
		{395D5AE2-5101-428B-9E91-61B6A93F915C}.Release|Any CPU.ActiveCfg = Release|Any CPU
		{395D5AE2-5101-428B-9E91-61B6A93F915C}.Release|Any CPU.Build.0 = Release|Any CPU
	EndGlobalSection
	GlobalSection(SolutionProperties) = preSolution
		HideSolutionNode = FALSE
	EndGlobalSection
	GlobalSection(NestedProjects) = preSolution
		{ADDA7C7C-A562-4400-8230-A19FB263A75B} = {02EA681E-C7D8-13C7-8484-4AC65E1B71E8}
		{8356609B-E1B1-4A69-ABB3-C984B2EC11E0} = {02EA681E-C7D8-13C7-8484-4AC65E1B71E8}
		{3AC1B373-0052-44AF-A8BC-9E633DAFE244} = {02EA681E-C7D8-13C7-8484-4AC65E1B71E8}
		{85D6E040-A3E6-4751-B002-A56B9D925B3B} = {370D3144-D1B7-4245-B9B1-4CBEB8FFD694}
		{E47803C5-FC6B-4589-80B3-C26B01308D18} = {370D3144-D1B7-4245-B9B1-4CBEB8FFD694}
		{C9AA3DB2-4BF8-4A99-A083-78216D25A0C0} = {370D3144-D1B7-4245-B9B1-4CBEB8FFD694}
		{82C20CAB-31FD-44AD-BD7D-A6730BD43764} = {D35C895F-D384-42B6-A62C-4AEED0FA8785}
		{563E6C26-1141-4866-90A7-18533F0C4534} = {D35C895F-D384-42B6-A62C-4AEED0FA8785}
		{395D5AE2-5101-428B-9E91-61B6A93F915C} = {D35C895F-D384-42B6-A62C-4AEED0FA8785}
	EndGlobalSection
	GlobalSection(ExtensibilityGlobals) = postSolution
		SolutionGuid = {26D2D70A-9861-475B-8A12-F2C972B34A96}
	EndGlobalSection
EndGlobal
